
Microsoft Visual Studio Solution File, Format Version 12.00
# Visual Studio Version 16
VisualStudioVersion = 16.0.31105.61
MinimumVisualStudioVersion = 10.0.40219.1
Project("{8BC9CEB8-8B4A-11D0-8D11-00A0C91BC942}") = "tp6", "tp6\tp6.vcxproj", "{EE79B401-6E58-48BD-930B-C4C668867207}"
EndProject
Global
	GlobalSection(SolutionConfigurationPlatforms) = preSolution
		Debug|x64 = Debug|x64
		Debug|x86 = Debug|x86
		Release|x64 = Release|x64
		Release|x86 = Release|x86
	EndGlobalSection
	GlobalSection(ProjectConfigurationPlatforms) = postSolution
		{EE79B401-6E58-48BD-930B-C4C668867207}.Debug|x64.ActiveCfg = Debug|x64
		{EE79B401-6E58-48BD-930B-C4C668867207}.Debug|x64.Build.0 = Debug|x64
		{EE79B401-6E58-48BD-930B-C4C668867207}.Debug|x86.ActiveCfg = Debug|Win32
		{EE79B401-6E58-48BD-930B-C4C668867207}.Debug|x86.Build.0 = Debug|Win32
		{EE79B401-6E58-48BD-930B-C4C668867207}.Release|x64.ActiveCfg = Release|x64
		{EE79B401-6E58-48BD-930B-C4C668867207}.Release|x64.Build.0 = Release|x64
		{EE79B401-6E58-48BD-930B-C4C668867207}.Release|x86.ActiveCfg = Release|Win32
		{EE79B401-6E58-48BD-930B-C4C668867207}.Release|x86.Build.0 = Release|Win32
	EndGlobalSection
	GlobalSection(SolutionProperties) = preSolution
		HideSolutionNode = FALSE
	EndGlobalSection
	GlobalSection(ExtensibilityGlobals) = postSolution
		SolutionGuid = {8F109E5D-0B69-461E-BD38-166653464132}
	EndGlobalSection
EndGlobal
